// !$*UTF8*$!
{
	archiveVersion = 1;
	classes = {
	};
	objectVersion = 50;
	objects = {

/* Begin PBXBuildFile section */
		845356C425179CEF00A2DE15 /* Network.swift in Sources */ = {isa = PBXBuildFile; fileRef = 845356C325179CEF00A2DE15 /* Network.swift */; };
		845356CB2517A08900A2DE15 /* PostListProvider.swift in Sources */ = {isa = PBXBuildFile; fileRef = 845356CA2517A08900A2DE15 /* PostListProvider.swift */; };
		845356E12517AD3800A2DE15 /* NetworkProtocol.swift in Sources */ = {isa = PBXBuildFile; fileRef = 845356E02517AD3800A2DE15 /* NetworkProtocol.swift */; };
		845356EC2517AEA900A2DE15 /* CommentsProvider.swift in Sources */ = {isa = PBXBuildFile; fileRef = 845356EB2517AEA900A2DE15 /* CommentsProvider.swift */; };
		845356F42517B23200A2DE15 /* CommentResponse.swift in Sources */ = {isa = PBXBuildFile; fileRef = 845356F32517B23200A2DE15 /* CommentResponse.swift */; };
		845357092517B48500A2DE15 /* PostListProviderProtocol.swift in Sources */ = {isa = PBXBuildFile; fileRef = 845357082517B48500A2DE15 /* PostListProviderProtocol.swift */; };
		845357122517B4C900A2DE15 /* Post.swift in Sources */ = {isa = PBXBuildFile; fileRef = 845357112517B4C900A2DE15 /* Post.swift */; };
		8453571D2517B6B700A2DE15 /* PostResponse.swift in Sources */ = {isa = PBXBuildFile; fileRef = 8453571C2517B6B700A2DE15 /* PostResponse.swift */; };
		845357332517BC4C00A2DE15 /* CommentsProviderProtocol.swift in Sources */ = {isa = PBXBuildFile; fileRef = 845357322517BC4C00A2DE15 /* CommentsProviderProtocol.swift */; };
		845357382517BC9600A2DE15 /* Comment.swift in Sources */ = {isa = PBXBuildFile; fileRef = 845357372517BC9600A2DE15 /* Comment.swift */; };
		8453573F2517BF3400A2DE15 /* PostListViewController.swift in Sources */ = {isa = PBXBuildFile; fileRef = 8453573E2517BF3400A2DE15 /* PostListViewController.swift */; };
		845357442517BF4200A2DE15 /* PostListViewController.xib in Resources */ = {isa = PBXBuildFile; fileRef = 845357432517BF4200A2DE15 /* PostListViewController.xib */; };
		8453574A2517BFF900A2DE15 /* PostListUseCase.swift in Sources */ = {isa = PBXBuildFile; fileRef = 845357492517BFF900A2DE15 /* PostListUseCase.swift */; };
		845357542517C54F00A2DE15 /* AppDependencies.swift in Sources */ = {isa = PBXBuildFile; fileRef = 845357532517C54F00A2DE15 /* AppDependencies.swift */; };
		8453575D2517C61300A2DE15 /* PostInteractor.swift in Sources */ = {isa = PBXBuildFile; fileRef = 8453575C2517C61300A2DE15 /* PostInteractor.swift */; };
		845357632517C80F00A2DE15 /* AppCoordinator.swift in Sources */ = {isa = PBXBuildFile; fileRef = 845357622517C80F00A2DE15 /* AppCoordinator.swift */; };
		84C3138625178BB200A1FFB2 /* AppDelegate.swift in Sources */ = {isa = PBXBuildFile; fileRef = 84C3138525178BB200A1FFB2 /* AppDelegate.swift */; };
		84C3138825178BB200A1FFB2 /* SceneDelegate.swift in Sources */ = {isa = PBXBuildFile; fileRef = 84C3138725178BB200A1FFB2 /* SceneDelegate.swift */; };
		84C3138A25178BB200A1FFB2 /* ViewController.swift in Sources */ = {isa = PBXBuildFile; fileRef = 84C3138925178BB200A1FFB2 /* ViewController.swift */; };
		84C3138D25178BB200A1FFB2 /* Main.storyboard in Resources */ = {isa = PBXBuildFile; fileRef = 84C3138B25178BB200A1FFB2 /* Main.storyboard */; };
		84C3138F25178BB300A1FFB2 /* Assets.xcassets in Resources */ = {isa = PBXBuildFile; fileRef = 84C3138E25178BB300A1FFB2 /* Assets.xcassets */; };
		84C3139225178BB300A1FFB2 /* LaunchScreen.storyboard in Resources */ = {isa = PBXBuildFile; fileRef = 84C3139025178BB300A1FFB2 /* LaunchScreen.storyboard */; };
		84C3139D25178BB300A1FFB2 /* bloggrTests.swift in Sources */ = {isa = PBXBuildFile; fileRef = 84C3139C25178BB300A1FFB2 /* bloggrTests.swift */; };
		84C313A825178BB300A1FFB2 /* bloggrUITests.swift in Sources */ = {isa = PBXBuildFile; fileRef = 84C313A725178BB300A1FFB2 /* bloggrUITests.swift */; };
/* End PBXBuildFile section */

/* Begin PBXContainerItemProxy section */
		84C3139925178BB300A1FFB2 /* PBXContainerItemProxy */ = {
			isa = PBXContainerItemProxy;
			containerPortal = 84C3137A25178BB200A1FFB2 /* Project object */;
			proxyType = 1;
			remoteGlobalIDString = 84C3138125178BB200A1FFB2;
			remoteInfo = bloggr;
		};
		84C313A425178BB300A1FFB2 /* PBXContainerItemProxy */ = {
			isa = PBXContainerItemProxy;
			containerPortal = 84C3137A25178BB200A1FFB2 /* Project object */;
			proxyType = 1;
			remoteGlobalIDString = 84C3138125178BB200A1FFB2;
			remoteInfo = bloggr;
		};
/* End PBXContainerItemProxy section */

/* Begin PBXFileReference section */
		845356C325179CEF00A2DE15 /* Network.swift */ = {isa = PBXFileReference; lastKnownFileType = sourcecode.swift; path = Network.swift; sourceTree = "<group>"; };
		845356CA2517A08900A2DE15 /* PostListProvider.swift */ = {isa = PBXFileReference; lastKnownFileType = sourcecode.swift; path = PostListProvider.swift; sourceTree = "<group>"; };
		845356E02517AD3800A2DE15 /* NetworkProtocol.swift */ = {isa = PBXFileReference; lastKnownFileType = sourcecode.swift; path = NetworkProtocol.swift; sourceTree = "<group>"; };
		845356EB2517AEA900A2DE15 /* CommentsProvider.swift */ = {isa = PBXFileReference; lastKnownFileType = sourcecode.swift; path = CommentsProvider.swift; sourceTree = "<group>"; };
		845356F32517B23200A2DE15 /* CommentResponse.swift */ = {isa = PBXFileReference; lastKnownFileType = sourcecode.swift; path = CommentResponse.swift; sourceTree = "<group>"; };
		845357082517B48500A2DE15 /* PostListProviderProtocol.swift */ = {isa = PBXFileReference; lastKnownFileType = sourcecode.swift; path = PostListProviderProtocol.swift; sourceTree = "<group>"; };
		845357112517B4C900A2DE15 /* Post.swift */ = {isa = PBXFileReference; lastKnownFileType = sourcecode.swift; path = Post.swift; sourceTree = "<group>"; };
		8453571C2517B6B700A2DE15 /* PostResponse.swift */ = {isa = PBXFileReference; fileEncoding = 4; lastKnownFileType = sourcecode.swift; path = PostResponse.swift; sourceTree = "<group>"; };
		845357322517BC4C00A2DE15 /* CommentsProviderProtocol.swift */ = {isa = PBXFileReference; lastKnownFileType = sourcecode.swift; path = CommentsProviderProtocol.swift; sourceTree = "<group>"; };
		845357372517BC9600A2DE15 /* Comment.swift */ = {isa = PBXFileReference; lastKnownFileType = sourcecode.swift; path = Comment.swift; sourceTree = "<group>"; };
		8453573E2517BF3400A2DE15 /* PostListViewController.swift */ = {isa = PBXFileReference; lastKnownFileType = sourcecode.swift; path = PostListViewController.swift; sourceTree = "<group>"; };
		845357432517BF4200A2DE15 /* PostListViewController.xib */ = {isa = PBXFileReference; lastKnownFileType = file.xib; path = PostListViewController.xib; sourceTree = "<group>"; };
		845357492517BFF900A2DE15 /* PostListUseCase.swift */ = {isa = PBXFileReference; lastKnownFileType = sourcecode.swift; path = PostListUseCase.swift; sourceTree = "<group>"; };
		845357532517C54F00A2DE15 /* AppDependencies.swift */ = {isa = PBXFileReference; lastKnownFileType = sourcecode.swift; path = AppDependencies.swift; sourceTree = "<group>"; };
		8453575C2517C61300A2DE15 /* PostInteractor.swift */ = {isa = PBXFileReference; lastKnownFileType = sourcecode.swift; path = PostInteractor.swift; sourceTree = "<group>"; };
		845357622517C80F00A2DE15 /* AppCoordinator.swift */ = {isa = PBXFileReference; lastKnownFileType = sourcecode.swift; path = AppCoordinator.swift; sourceTree = "<group>"; };
		84C3138225178BB200A1FFB2 /* bloggr.app */ = {isa = PBXFileReference; explicitFileType = wrapper.application; includeInIndex = 0; path = bloggr.app; sourceTree = BUILT_PRODUCTS_DIR; };
		84C3138525178BB200A1FFB2 /* AppDelegate.swift */ = {isa = PBXFileReference; lastKnownFileType = sourcecode.swift; path = AppDelegate.swift; sourceTree = "<group>"; };
		84C3138725178BB200A1FFB2 /* SceneDelegate.swift */ = {isa = PBXFileReference; lastKnownFileType = sourcecode.swift; path = SceneDelegate.swift; sourceTree = "<group>"; };
		84C3138925178BB200A1FFB2 /* ViewController.swift */ = {isa = PBXFileReference; lastKnownFileType = sourcecode.swift; path = ViewController.swift; sourceTree = "<group>"; };
		84C3138C25178BB200A1FFB2 /* Base */ = {isa = PBXFileReference; lastKnownFileType = file.storyboard; name = Base; path = Base.lproj/Main.storyboard; sourceTree = "<group>"; };
		84C3138E25178BB300A1FFB2 /* Assets.xcassets */ = {isa = PBXFileReference; lastKnownFileType = folder.assetcatalog; path = Assets.xcassets; sourceTree = "<group>"; };
		84C3139125178BB300A1FFB2 /* Base */ = {isa = PBXFileReference; lastKnownFileType = file.storyboard; name = Base; path = Base.lproj/LaunchScreen.storyboard; sourceTree = "<group>"; };
		84C3139325178BB300A1FFB2 /* Info.plist */ = {isa = PBXFileReference; lastKnownFileType = text.plist.xml; path = Info.plist; sourceTree = "<group>"; };
		84C3139825178BB300A1FFB2 /* bloggrTests.xctest */ = {isa = PBXFileReference; explicitFileType = wrapper.cfbundle; includeInIndex = 0; path = bloggrTests.xctest; sourceTree = BUILT_PRODUCTS_DIR; };
		84C3139C25178BB300A1FFB2 /* bloggrTests.swift */ = {isa = PBXFileReference; lastKnownFileType = sourcecode.swift; path = bloggrTests.swift; sourceTree = "<group>"; };
		84C3139E25178BB300A1FFB2 /* Info.plist */ = {isa = PBXFileReference; lastKnownFileType = text.plist.xml; path = Info.plist; sourceTree = "<group>"; };
		84C313A325178BB300A1FFB2 /* bloggrUITests.xctest */ = {isa = PBXFileReference; explicitFileType = wrapper.cfbundle; includeInIndex = 0; path = bloggrUITests.xctest; sourceTree = BUILT_PRODUCTS_DIR; };
		84C313A725178BB300A1FFB2 /* bloggrUITests.swift */ = {isa = PBXFileReference; lastKnownFileType = sourcecode.swift; path = bloggrUITests.swift; sourceTree = "<group>"; };
		84C313A925178BB300A1FFB2 /* Info.plist */ = {isa = PBXFileReference; lastKnownFileType = text.plist.xml; path = Info.plist; sourceTree = "<group>"; };
/* End PBXFileReference section */

/* Begin PBXFrameworksBuildPhase section */
		84C3137F25178BB200A1FFB2 /* Frameworks */ = {
			isa = PBXFrameworksBuildPhase;
			buildActionMask = 2147483647;
			files = (
			);
			runOnlyForDeploymentPostprocessing = 0;
		};
		84C3139525178BB300A1FFB2 /* Frameworks */ = {
			isa = PBXFrameworksBuildPhase;
			buildActionMask = 2147483647;
			files = (
			);
			runOnlyForDeploymentPostprocessing = 0;
		};
		84C313A025178BB300A1FFB2 /* Frameworks */ = {
			isa = PBXFrameworksBuildPhase;
			buildActionMask = 2147483647;
			files = (
			);
			runOnlyForDeploymentPostprocessing = 0;
		};
/* End PBXFrameworksBuildPhase section */

/* Begin PBXGroup section */
		845356BF25179CB300A2DE15 /* DataLayer */ = {
			isa = PBXGroup;
			children = (
				845356EA2517AE6C00A2DE15 /* CommentsProvider */,
				845356DC2517AD2A00A2DE15 /* Network */,
				845356E62517AE2B00A2DE15 /* PostListProvider */,
			);
			path = DataLayer;
			sourceTree = "<group>";
		};
		845356C025179CCF00A2DE15 /* DomainLayer */ = {
			isa = PBXGroup;
			children = (
				8453575B2517C60700A2DE15 /* Interactors */,
				845357482517BFE400A2DE15 /* UseCases */,
				845357102517B4C000A2DE15 /* Models */,
				845357072517B46F00A2DE15 /* ProviderProtocols */,
			);
			path = DomainLayer;
			sourceTree = "<group>";
		};
		845356C125179CD600A2DE15 /* UILayer */ = {
			isa = PBXGroup;
			children = (
				845357612517C7FB00A2DE15 /* Coordinator */,
				845357522517C53E00A2DE15 /* AppDependencies */,
				845357512517C53300A2DE15 /* AppDelegate */,
				8453573D2517BEB800A2DE15 /* PostList */,
			);
			path = UILayer;
			sourceTree = "<group>";
		};
		845356DC2517AD2A00A2DE15 /* Network */ = {
			isa = PBXGroup;
			children = (
				845356C325179CEF00A2DE15 /* Network.swift */,
				845356E02517AD3800A2DE15 /* NetworkProtocol.swift */,
			);
			path = Network;
			sourceTree = "<group>";
		};
		845356E62517AE2B00A2DE15 /* PostListProvider */ = {
			isa = PBXGroup;
			children = (
				8453571C2517B6B700A2DE15 /* PostResponse.swift */,
				845356CA2517A08900A2DE15 /* PostListProvider.swift */,
			);
			path = PostListProvider;
			sourceTree = "<group>";
		};
		845356EA2517AE6C00A2DE15 /* CommentsProvider */ = {
			isa = PBXGroup;
			children = (
				845356EB2517AEA900A2DE15 /* CommentsProvider.swift */,
				845356F32517B23200A2DE15 /* CommentResponse.swift */,
			);
			path = CommentsProvider;
			sourceTree = "<group>";
		};
		845357072517B46F00A2DE15 /* ProviderProtocols */ = {
			isa = PBXGroup;
			children = (
				845357082517B48500A2DE15 /* PostListProviderProtocol.swift */,
				845357322517BC4C00A2DE15 /* CommentsProviderProtocol.swift */,
			);
			path = ProviderProtocols;
			sourceTree = "<group>";
		};
		845357102517B4C000A2DE15 /* Models */ = {
			isa = PBXGroup;
			children = (
				845357112517B4C900A2DE15 /* Post.swift */,
				845357372517BC9600A2DE15 /* Comment.swift */,
			);
			path = Models;
			sourceTree = "<group>";
		};
		8453573D2517BEB800A2DE15 /* PostList */ = {
			isa = PBXGroup;
			children = (
				8453573E2517BF3400A2DE15 /* PostListViewController.swift */,
				845357432517BF4200A2DE15 /* PostListViewController.xib */,
			);
			path = PostList;
			sourceTree = "<group>";
		};
		845357482517BFE400A2DE15 /* UseCases */ = {
			isa = PBXGroup;
			children = (
				845357492517BFF900A2DE15 /* PostListUseCase.swift */,
			);
			path = UseCases;
			sourceTree = "<group>";
		};
		845357512517C53300A2DE15 /* AppDelegate */ = {
			isa = PBXGroup;
			children = (
				84C3138525178BB200A1FFB2 /* AppDelegate.swift */,
			);
			path = AppDelegate;
			sourceTree = "<group>";
		};
		845357522517C53E00A2DE15 /* AppDependencies */ = {
			isa = PBXGroup;
			children = (
				845357532517C54F00A2DE15 /* AppDependencies.swift */,
			);
			path = AppDependencies;
			sourceTree = "<group>";
		};
		8453575B2517C60700A2DE15 /* Interactors */ = {
			isa = PBXGroup;
			children = (
				8453575C2517C61300A2DE15 /* PostInteractor.swift */,
			);
			path = Interactors;
			sourceTree = "<group>";
		};
		845357612517C7FB00A2DE15 /* Coordinator */ = {
			isa = PBXGroup;
			children = (
				845357622517C80F00A2DE15 /* AppCoordinator.swift */,
			);
			path = Coordinator;
			sourceTree = "<group>";
		};
		84C3137925178BB200A1FFB2 = {
			isa = PBXGroup;
			children = (
				84C3138425178BB200A1FFB2 /* bloggr */,
				84C3139B25178BB300A1FFB2 /* bloggrTests */,
				84C313A625178BB300A1FFB2 /* bloggrUITests */,
				84C3138325178BB200A1FFB2 /* Products */,
			);
			sourceTree = "<group>";
		};
		84C3138325178BB200A1FFB2 /* Products */ = {
			isa = PBXGroup;
			children = (
				84C3138225178BB200A1FFB2 /* bloggr.app */,
				84C3139825178BB300A1FFB2 /* bloggrTests.xctest */,
				84C313A325178BB300A1FFB2 /* bloggrUITests.xctest */,
			);
			name = Products;
			sourceTree = "<group>";
		};
		84C3138425178BB200A1FFB2 /* bloggr */ = {
			isa = PBXGroup;
			children = (
				845356BF25179CB300A2DE15 /* DataLayer */,
				845356C025179CCF00A2DE15 /* DomainLayer */,
				845356C125179CD600A2DE15 /* UILayer */,
				84C3138725178BB200A1FFB2 /* SceneDelegate.swift */,
				84C3138925178BB200A1FFB2 /* ViewController.swift */,
				84C3138B25178BB200A1FFB2 /* Main.storyboard */,
				84C3138E25178BB300A1FFB2 /* Assets.xcassets */,
				84C3139025178BB300A1FFB2 /* LaunchScreen.storyboard */,
				84C3139325178BB300A1FFB2 /* Info.plist */,
			);
			path = bloggr;
			sourceTree = "<group>";
		};
		84C3139B25178BB300A1FFB2 /* bloggrTests */ = {
			isa = PBXGroup;
			children = (
				84C3139C25178BB300A1FFB2 /* bloggrTests.swift */,
				84C3139E25178BB300A1FFB2 /* Info.plist */,
			);
			path = bloggrTests;
			sourceTree = "<group>";
		};
		84C313A625178BB300A1FFB2 /* bloggrUITests */ = {
			isa = PBXGroup;
			children = (
				84C313A725178BB300A1FFB2 /* bloggrUITests.swift */,
				84C313A925178BB300A1FFB2 /* Info.plist */,
			);
			path = bloggrUITests;
			sourceTree = "<group>";
		};
/* End PBXGroup section */

/* Begin PBXNativeTarget section */
		84C3138125178BB200A1FFB2 /* bloggr */ = {
			isa = PBXNativeTarget;
			buildConfigurationList = 84C313AC25178BB300A1FFB2 /* Build configuration list for PBXNativeTarget "bloggr" */;
			buildPhases = (
				84C3137E25178BB200A1FFB2 /* Sources */,
				84C3137F25178BB200A1FFB2 /* Frameworks */,
				84C3138025178BB200A1FFB2 /* Resources */,
			);
			buildRules = (
			);
			dependencies = (
			);
			name = bloggr;
			productName = bloggr;
			productReference = 84C3138225178BB200A1FFB2 /* bloggr.app */;
			productType = "com.apple.product-type.application";
		};
		84C3139725178BB300A1FFB2 /* bloggrTests */ = {
			isa = PBXNativeTarget;
			buildConfigurationList = 84C313AF25178BB300A1FFB2 /* Build configuration list for PBXNativeTarget "bloggrTests" */;
			buildPhases = (
				84C3139425178BB300A1FFB2 /* Sources */,
				84C3139525178BB300A1FFB2 /* Frameworks */,
				84C3139625178BB300A1FFB2 /* Resources */,
			);
			buildRules = (
			);
			dependencies = (
				84C3139A25178BB300A1FFB2 /* PBXTargetDependency */,
			);
			name = bloggrTests;
			productName = bloggrTests;
			productReference = 84C3139825178BB300A1FFB2 /* bloggrTests.xctest */;
			productType = "com.apple.product-type.bundle.unit-test";
		};
		84C313A225178BB300A1FFB2 /* bloggrUITests */ = {
			isa = PBXNativeTarget;
			buildConfigurationList = 84C313B225178BB300A1FFB2 /* Build configuration list for PBXNativeTarget "bloggrUITests" */;
			buildPhases = (
				84C3139F25178BB300A1FFB2 /* Sources */,
				84C313A025178BB300A1FFB2 /* Frameworks */,
				84C313A125178BB300A1FFB2 /* Resources */,
			);
			buildRules = (
			);
			dependencies = (
				84C313A525178BB300A1FFB2 /* PBXTargetDependency */,
			);
			name = bloggrUITests;
			productName = bloggrUITests;
			productReference = 84C313A325178BB300A1FFB2 /* bloggrUITests.xctest */;
			productType = "com.apple.product-type.bundle.ui-testing";
		};
/* End PBXNativeTarget section */

/* Begin PBXProject section */
		84C3137A25178BB200A1FFB2 /* Project object */ = {
			isa = PBXProject;
			attributes = {
				LastSwiftUpdateCheck = 1200;
				LastUpgradeCheck = 1200;
				TargetAttributes = {
					84C3138125178BB200A1FFB2 = {
						CreatedOnToolsVersion = 12.0;
					};
					84C3139725178BB300A1FFB2 = {
						CreatedOnToolsVersion = 12.0;
						TestTargetID = 84C3138125178BB200A1FFB2;
					};
					84C313A225178BB300A1FFB2 = {
						CreatedOnToolsVersion = 12.0;
						TestTargetID = 84C3138125178BB200A1FFB2;
					};
				};
			};
			buildConfigurationList = 84C3137D25178BB200A1FFB2 /* Build configuration list for PBXProject "bloggr" */;
			compatibilityVersion = "Xcode 9.3";
			developmentRegion = en;
			hasScannedForEncodings = 0;
			knownRegions = (
				en,
				Base,
			);
			mainGroup = 84C3137925178BB200A1FFB2;
			productRefGroup = 84C3138325178BB200A1FFB2 /* Products */;
			projectDirPath = "";
			projectRoot = "";
			targets = (
				84C3138125178BB200A1FFB2 /* bloggr */,
				84C3139725178BB300A1FFB2 /* bloggrTests */,
				84C313A225178BB300A1FFB2 /* bloggrUITests */,
			);
		};
/* End PBXProject section */

/* Begin PBXResourcesBuildPhase section */
		84C3138025178BB200A1FFB2 /* Resources */ = {
			isa = PBXResourcesBuildPhase;
			buildActionMask = 2147483647;
			files = (
				845357442517BF4200A2DE15 /* PostListViewController.xib in Resources */,
				84C3139225178BB300A1FFB2 /* LaunchScreen.storyboard in Resources */,
				84C3138F25178BB300A1FFB2 /* Assets.xcassets in Resources */,
				84C3138D25178BB200A1FFB2 /* Main.storyboard in Resources */,
			);
			runOnlyForDeploymentPostprocessing = 0;
		};
		84C3139625178BB300A1FFB2 /* Resources */ = {
			isa = PBXResourcesBuildPhase;
			buildActionMask = 2147483647;
			files = (
			);
			runOnlyForDeploymentPostprocessing = 0;
		};
		84C313A125178BB300A1FFB2 /* Resources */ = {
			isa = PBXResourcesBuildPhase;
			buildActionMask = 2147483647;
			files = (
			);
			runOnlyForDeploymentPostprocessing = 0;
		};
/* End PBXResourcesBuildPhase section */

/* Begin PBXSourcesBuildPhase section */
		84C3137E25178BB200A1FFB2 /* Sources */ = {
			isa = PBXSourcesBuildPhase;
			buildActionMask = 2147483647;
			files = (
				8453573F2517BF3400A2DE15 /* PostListViewController.swift in Sources */,
				845357332517BC4C00A2DE15 /* CommentsProviderProtocol.swift in Sources */,
				84C3138A25178BB200A1FFB2 /* ViewController.swift in Sources */,
				8453574A2517BFF900A2DE15 /* PostListUseCase.swift in Sources */,
				845357122517B4C900A2DE15 /* Post.swift in Sources */,
				845357092517B48500A2DE15 /* PostListProviderProtocol.swift in Sources */,
				845357632517C80F00A2DE15 /* AppCoordinator.swift in Sources */,
				8453571D2517B6B700A2DE15 /* PostResponse.swift in Sources */,
				8453575D2517C61300A2DE15 /* PostInteractor.swift in Sources */,
				84C3138625178BB200A1FFB2 /* AppDelegate.swift in Sources */,
				845357542517C54F00A2DE15 /* AppDependencies.swift in Sources */,
				845356E12517AD3800A2DE15 /* NetworkProtocol.swift in Sources */,
				845356EC2517AEA900A2DE15 /* CommentsProvider.swift in Sources */,
				845357382517BC9600A2DE15 /* Comment.swift in Sources */,
				845356CB2517A08900A2DE15 /* PostListProvider.swift in Sources */,
				845356C425179CEF00A2DE15 /* Network.swift in Sources */,
				845356F42517B23200A2DE15 /* CommentResponse.swift in Sources */,
				84C3138825178BB200A1FFB2 /* SceneDelegate.swift in Sources */,
			);
			runOnlyForDeploymentPostprocessing = 0;
		};
		84C3139425178BB300A1FFB2 /* Sources */ = {
			isa = PBXSourcesBuildPhase;
			buildActionMask = 2147483647;
			files = (
				84C3139D25178BB300A1FFB2 /* bloggrTests.swift in Sources */,
			);
			runOnlyForDeploymentPostprocessing = 0;
		};
		84C3139F25178BB300A1FFB2 /* Sources */ = {
			isa = PBXSourcesBuildPhase;
			buildActionMask = 2147483647;
			files = (
				84C313A825178BB300A1FFB2 /* bloggrUITests.swift in Sources */,
			);
			runOnlyForDeploymentPostprocessing = 0;
		};
/* End PBXSourcesBuildPhase section */

/* Begin PBXTargetDependency section */
		84C3139A25178BB300A1FFB2 /* PBXTargetDependency */ = {
			isa = PBXTargetDependency;
			target = 84C3138125178BB200A1FFB2 /* bloggr */;
			targetProxy = 84C3139925178BB300A1FFB2 /* PBXContainerItemProxy */;
		};
		84C313A525178BB300A1FFB2 /* PBXTargetDependency */ = {
			isa = PBXTargetDependency;
			target = 84C3138125178BB200A1FFB2 /* bloggr */;
			targetProxy = 84C313A425178BB300A1FFB2 /* PBXContainerItemProxy */;
		};
/* End PBXTargetDependency section */

/* Begin PBXVariantGroup section */
		84C3138B25178BB200A1FFB2 /* Main.storyboard */ = {
			isa = PBXVariantGroup;
			children = (
				84C3138C25178BB200A1FFB2 /* Base */,
			);
			name = Main.storyboard;
			sourceTree = "<group>";
		};
		84C3139025178BB300A1FFB2 /* LaunchScreen.storyboard */ = {
			isa = PBXVariantGroup;
			children = (
				84C3139125178BB300A1FFB2 /* Base */,
			);
			name = LaunchScreen.storyboard;
			sourceTree = "<group>";
		};
/* End PBXVariantGroup section */

/* Begin XCBuildConfiguration section */
		84C313AA25178BB300A1FFB2 /* Debug */ = {
			isa = XCBuildConfiguration;
			buildSettings = {
				ALWAYS_SEARCH_USER_PATHS = NO;
				CLANG_ANALYZER_NONNULL = YES;
				CLANG_ANALYZER_NUMBER_OBJECT_CONVERSION = YES_AGGRESSIVE;
				CLANG_CXX_LANGUAGE_STANDARD = "gnu++14";
				CLANG_CXX_LIBRARY = "libc++";
				CLANG_ENABLE_MODULES = YES;
				CLANG_ENABLE_OBJC_ARC = YES;
				CLANG_ENABLE_OBJC_WEAK = YES;
				CLANG_WARN_BLOCK_CAPTURE_AUTORELEASING = YES;
				CLANG_WARN_BOOL_CONVERSION = YES;
				CLANG_WARN_COMMA = YES;
				CLANG_WARN_CONSTANT_CONVERSION = YES;
				CLANG_WARN_DEPRECATED_OBJC_IMPLEMENTATIONS = YES;
				CLANG_WARN_DIRECT_OBJC_ISA_USAGE = YES_ERROR;
				CLANG_WARN_DOCUMENTATION_COMMENTS = YES;
				CLANG_WARN_EMPTY_BODY = YES;
				CLANG_WARN_ENUM_CONVERSION = YES;
				CLANG_WARN_INFINITE_RECURSION = YES;
				CLANG_WARN_INT_CONVERSION = YES;
				CLANG_WARN_NON_LITERAL_NULL_CONVERSION = YES;
				CLANG_WARN_OBJC_IMPLICIT_RETAIN_SELF = YES;
				CLANG_WARN_OBJC_LITERAL_CONVERSION = YES;
				CLANG_WARN_OBJC_ROOT_CLASS = YES_ERROR;
				CLANG_WARN_QUOTED_INCLUDE_IN_FRAMEWORK_HEADER = YES;
				CLANG_WARN_RANGE_LOOP_ANALYSIS = YES;
				CLANG_WARN_STRICT_PROTOTYPES = YES;
				CLANG_WARN_SUSPICIOUS_MOVE = YES;
				CLANG_WARN_UNGUARDED_AVAILABILITY = YES_AGGRESSIVE;
				CLANG_WARN_UNREACHABLE_CODE = YES;
				CLANG_WARN__DUPLICATE_METHOD_MATCH = YES;
				COPY_PHASE_STRIP = NO;
				DEBUG_INFORMATION_FORMAT = dwarf;
				ENABLE_STRICT_OBJC_MSGSEND = YES;
				ENABLE_TESTABILITY = YES;
				GCC_C_LANGUAGE_STANDARD = gnu11;
				GCC_DYNAMIC_NO_PIC = NO;
				GCC_NO_COMMON_BLOCKS = YES;
				GCC_OPTIMIZATION_LEVEL = 0;
				GCC_PREPROCESSOR_DEFINITIONS = (
					"DEBUG=1",
					"$(inherited)",
				);
				GCC_WARN_64_TO_32_BIT_CONVERSION = YES;
				GCC_WARN_ABOUT_RETURN_TYPE = YES_ERROR;
				GCC_WARN_UNDECLARED_SELECTOR = YES;
				GCC_WARN_UNINITIALIZED_AUTOS = YES_AGGRESSIVE;
				GCC_WARN_UNUSED_FUNCTION = YES;
				GCC_WARN_UNUSED_VARIABLE = YES;
				IPHONEOS_DEPLOYMENT_TARGET = 14.0;
				MTL_ENABLE_DEBUG_INFO = INCLUDE_SOURCE;
				MTL_FAST_MATH = YES;
				ONLY_ACTIVE_ARCH = YES;
				SDKROOT = iphoneos;
				SWIFT_ACTIVE_COMPILATION_CONDITIONS = DEBUG;
				SWIFT_OPTIMIZATION_LEVEL = "-Onone";
			};
			name = Debug;
		};
		84C313AB25178BB300A1FFB2 /* Release */ = {
			isa = XCBuildConfiguration;
			buildSettings = {
				ALWAYS_SEARCH_USER_PATHS = NO;
				CLANG_ANALYZER_NONNULL = YES;
				CLANG_ANALYZER_NUMBER_OBJECT_CONVERSION = YES_AGGRESSIVE;
				CLANG_CXX_LANGUAGE_STANDARD = "gnu++14";
				CLANG_CXX_LIBRARY = "libc++";
				CLANG_ENABLE_MODULES = YES;
				CLANG_ENABLE_OBJC_ARC = YES;
				CLANG_ENABLE_OBJC_WEAK = YES;
				CLANG_WARN_BLOCK_CAPTURE_AUTORELEASING = YES;
				CLANG_WARN_BOOL_CONVERSION = YES;
				CLANG_WARN_COMMA = YES;
				CLANG_WARN_CONSTANT_CONVERSION = YES;
				CLANG_WARN_DEPRECATED_OBJC_IMPLEMENTATIONS = YES;
				CLANG_WARN_DIRECT_OBJC_ISA_USAGE = YES_ERROR;
				CLANG_WARN_DOCUMENTATION_COMMENTS = YES;
				CLANG_WARN_EMPTY_BODY = YES;
				CLANG_WARN_ENUM_CONVERSION = YES;
				CLANG_WARN_INFINITE_RECURSION = YES;
				CLANG_WARN_INT_CONVERSION = YES;
				CLANG_WARN_NON_LITERAL_NULL_CONVERSION = YES;
				CLANG_WARN_OBJC_IMPLICIT_RETAIN_SELF = YES;
				CLANG_WARN_OBJC_LITERAL_CONVERSION = YES;
				CLANG_WARN_OBJC_ROOT_CLASS = YES_ERROR;
				CLANG_WARN_QUOTED_INCLUDE_IN_FRAMEWORK_HEADER = YES;
				CLANG_WARN_RANGE_LOOP_ANALYSIS = YES;
				CLANG_WARN_STRICT_PROTOTYPES = YES;
				CLANG_WARN_SUSPICIOUS_MOVE = YES;
				CLANG_WARN_UNGUARDED_AVAILABILITY = YES_AGGRESSIVE;
				CLANG_WARN_UNREACHABLE_CODE = YES;
				CLANG_WARN__DUPLICATE_METHOD_MATCH = YES;
				COPY_PHASE_STRIP = NO;
				DEBUG_INFORMATION_FORMAT = "dwarf-with-dsym";
				ENABLE_NS_ASSERTIONS = NO;
				ENABLE_STRICT_OBJC_MSGSEND = YES;
				GCC_C_LANGUAGE_STANDARD = gnu11;
				GCC_NO_COMMON_BLOCKS = YES;
				GCC_WARN_64_TO_32_BIT_CONVERSION = YES;
				GCC_WARN_ABOUT_RETURN_TYPE = YES_ERROR;
				GCC_WARN_UNDECLARED_SELECTOR = YES;
				GCC_WARN_UNINITIALIZED_AUTOS = YES_AGGRESSIVE;
				GCC_WARN_UNUSED_FUNCTION = YES;
				GCC_WARN_UNUSED_VARIABLE = YES;
				IPHONEOS_DEPLOYMENT_TARGET = 14.0;
				MTL_ENABLE_DEBUG_INFO = NO;
				MTL_FAST_MATH = YES;
				SDKROOT = iphoneos;
				SWIFT_COMPILATION_MODE = wholemodule;
				SWIFT_OPTIMIZATION_LEVEL = "-O";
				VALIDATE_PRODUCT = YES;
			};
			name = Release;
		};
		84C313AD25178BB300A1FFB2 /* Debug */ = {
			isa = XCBuildConfiguration;
			buildSettings = {
				ASSETCATALOG_COMPILER_APPICON_NAME = AppIcon;
				ASSETCATALOG_COMPILER_GLOBAL_ACCENT_COLOR_NAME = AccentColor;
				CODE_SIGN_STYLE = Automatic;
				INFOPLIST_FILE = bloggr/Info.plist;
				LD_RUNPATH_SEARCH_PATHS = (
					"$(inherited)",
					"@executable_path/Frameworks",
				);
				PRODUCT_BUNDLE_IDENTIFIER = com.maxstubbersfield.bloggr;
				PRODUCT_NAME = "$(TARGET_NAME)";
				SWIFT_VERSION = 5.0;
				TARGETED_DEVICE_FAMILY = "1,2";
			};
			name = Debug;
		};
		84C313AE25178BB300A1FFB2 /* Release */ = {
			isa = XCBuildConfiguration;
			buildSettings = {
				ASSETCATALOG_COMPILER_APPICON_NAME = AppIcon;
				ASSETCATALOG_COMPILER_GLOBAL_ACCENT_COLOR_NAME = AccentColor;
				CODE_SIGN_STYLE = Automatic;
				INFOPLIST_FILE = bloggr/Info.plist;
				LD_RUNPATH_SEARCH_PATHS = (
					"$(inherited)",
					"@executable_path/Frameworks",
				);
				PRODUCT_BUNDLE_IDENTIFIER = com.maxstubbersfield.bloggr;
				PRODUCT_NAME = "$(TARGET_NAME)";
				SWIFT_VERSION = 5.0;
				TARGETED_DEVICE_FAMILY = "1,2";
			};
			name = Release;
		};
		84C313B025178BB300A1FFB2 /* Debug */ = {
			isa = XCBuildConfiguration;
			buildSettings = {
				ALWAYS_EMBED_SWIFT_STANDARD_LIBRARIES = YES;
				BUNDLE_LOADER = "$(TEST_HOST)";
				CODE_SIGN_STYLE = Automatic;
				INFOPLIST_FILE = bloggrTests/Info.plist;
				IPHONEOS_DEPLOYMENT_TARGET = 14.0;
				LD_RUNPATH_SEARCH_PATHS = (
					"$(inherited)",
					"@executable_path/Frameworks",
					"@loader_path/Frameworks",
				);
				PRODUCT_BUNDLE_IDENTIFIER = com.maxstubbersfield.bloggrTests;
				PRODUCT_NAME = "$(TARGET_NAME)";
				SWIFT_VERSION = 5.0;
				TARGETED_DEVICE_FAMILY = "1,2";
				TEST_HOST = "$(BUILT_PRODUCTS_DIR)/bloggr.app/bloggr";
			};
			name = Debug;
		};
		84C313B125178BB300A1FFB2 /* Release */ = {
			isa = XCBuildConfiguration;
			buildSettings = {
				ALWAYS_EMBED_SWIFT_STANDARD_LIBRARIES = YES;
				BUNDLE_LOADER = "$(TEST_HOST)";
				CODE_SIGN_STYLE = Automatic;
				INFOPLIST_FILE = bloggrTests/Info.plist;
				IPHONEOS_DEPLOYMENT_TARGET = 14.0;
				LD_RUNPATH_SEARCH_PATHS = (
					"$(inherited)",
					"@executable_path/Frameworks",
					"@loader_path/Frameworks",
				);
				PRODUCT_BUNDLE_IDENTIFIER = com.maxstubbersfield.bloggrTests;
				PRODUCT_NAME = "$(TARGET_NAME)";
				SWIFT_VERSION = 5.0;
				TARGETED_DEVICE_FAMILY = "1,2";
				TEST_HOST = "$(BUILT_PRODUCTS_DIR)/bloggr.app/bloggr";
			};
			name = Release;
		};
		84C313B325178BB300A1FFB2 /* Debug */ = {
			isa = XCBuildConfiguration;
			buildSettings = {
				ALWAYS_EMBED_SWIFT_STANDARD_LIBRARIES = YES;
				CODE_SIGN_STYLE = Automatic;
				INFOPLIST_FILE = bloggrUITests/Info.plist;
				LD_RUNPATH_SEARCH_PATHS = (
					"$(inherited)",
					"@executable_path/Frameworks",
					"@loader_path/Frameworks",
				);
				PRODUCT_BUNDLE_IDENTIFIER = com.maxstubbersfield.bloggrUITests;
				PRODUCT_NAME = "$(TARGET_NAME)";
				SWIFT_VERSION = 5.0;
				TARGETED_DEVICE_FAMILY = "1,2";
				TEST_TARGET_NAME = bloggr;
			};
			name = Debug;
		};
		84C313B425178BB300A1FFB2 /* Release */ = {
			isa = XCBuildConfiguration;
			buildSettings = {
				ALWAYS_EMBED_SWIFT_STANDARD_LIBRARIES = YES;
				CODE_SIGN_STYLE = Automatic;
				INFOPLIST_FILE = bloggrUITests/Info.plist;
				LD_RUNPATH_SEARCH_PATHS = (
					"$(inherited)",
					"@executable_path/Frameworks",
					"@loader_path/Frameworks",
				);
				PRODUCT_BUNDLE_IDENTIFIER = com.maxstubbersfield.bloggrUITests;
				PRODUCT_NAME = "$(TARGET_NAME)";
				SWIFT_VERSION = 5.0;
				TARGETED_DEVICE_FAMILY = "1,2";
				TEST_TARGET_NAME = bloggr;
			};
			name = Release;
		};
/* End XCBuildConfiguration section */

/* Begin XCConfigurationList section */
		84C3137D25178BB200A1FFB2 /* Build configuration list for PBXProject "bloggr" */ = {
			isa = XCConfigurationList;
			buildConfigurations = (
				84C313AA25178BB300A1FFB2 /* Debug */,
				84C313AB25178BB300A1FFB2 /* Release */,
			);
			defaultConfigurationIsVisible = 0;
			defaultConfigurationName = Release;
		};
		84C313AC25178BB300A1FFB2 /* Build configuration list for PBXNativeTarget "bloggr" */ = {
			isa = XCConfigurationList;
			buildConfigurations = (
				84C313AD25178BB300A1FFB2 /* Debug */,
				84C313AE25178BB300A1FFB2 /* Release */,
			);
			defaultConfigurationIsVisible = 0;
			defaultConfigurationName = Release;
		};
		84C313AF25178BB300A1FFB2 /* Build configuration list for PBXNativeTarget "bloggrTests" */ = {
			isa = XCConfigurationList;
			buildConfigurations = (
				84C313B025178BB300A1FFB2 /* Debug */,
				84C313B125178BB300A1FFB2 /* Release */,
			);
			defaultConfigurationIsVisible = 0;
			defaultConfigurationName = Release;
		};
		84C313B225178BB300A1FFB2 /* Build configuration list for PBXNativeTarget "bloggrUITests" */ = {
			isa = XCConfigurationList;
			buildConfigurations = (
				84C313B325178BB300A1FFB2 /* Debug */,
				84C313B425178BB300A1FFB2 /* Release */,
			);
			defaultConfigurationIsVisible = 0;
			defaultConfigurationName = Release;
		};
/* End XCConfigurationList section */
	};
	rootObject = 84C3137A25178BB200A1FFB2 /* Project object */;
}
